
Microsoft Visual Studio Solution File, Format Version 12.00
Project("{2150E333-8FDC-42A3-9474-1A3956D46DE8}") = "src", "src", "{B116789C-3F05-4906-A264-57D82FD18460}"
EndProject
Project("{2150E333-8FDC-42A3-9474-1A3956D46DE8}") = "Services", "Services", "{BD0B5496-C473-4574-AE61-695168D94F94}"
EndProject
Project("{2150E333-8FDC-42A3-9474-1A3956D46DE8}") = "Bot", "Bot", "{E9A45041-F26F-4FEB-92AD-0E18AF8B5D0B}"
EndProject
Project("{2150E333-8FDC-42A3-9474-1A3956D46DE8}") = "Domain", "Domain", "{6A997368-4AC6-4319-8F4D-2C90950C04FF}"
EndProject
Project("{2150E333-8FDC-42A3-9474-1A3956D46DE8}") = "Applciation", "Applciation", "{4A1C08A1-095D-4B4B-B30D-9F31208DEA09}"
EndProject
Project("{2150E333-8FDC-42A3-9474-1A3956D46DE8}") = "Infrastructure", "Infrastructure", "{8FE27756-11C6-4A40-88E7-E13CA57A19C2}"
EndProject
Project("{FAE04EC0-301F-11D3-BF4B-00C04F79EFBC}") = "Bot.Domain", "Bot.Domain\Bot.Domain.csproj", "{72268293-CC02-446D-86C6-A566040AE100}"
EndProject
Project("{FAE04EC0-301F-11D3-BF4B-00C04F79EFBC}") = "Bot.Application", "Bot.Application\Bot.Application.csproj", "{E1CBFD07-1CDF-47CF-8D32-EFBDE17F6088}"
EndProject
Project("{FAE04EC0-301F-11D3-BF4B-00C04F79EFBC}") = "Bot.Infrastructure.YouTube", "Bot.Infrastructure.YouTube\Bot.Infrastructure.YouTube.csproj", "{C96A31AC-283C-40B7-9CC7-5EC56CE6B318}"
EndProject
Project("{FAE04EC0-301F-11D3-BF4B-00C04F79EFBC}") = "Bot.Discord", "Bot.Discord\Bot.Discord.csproj", "{FCFB1BE8-6349-4791-832F-1B4815FCBF13}"
EndProject
Project("{FAE04EC0-301F-11D3-BF4B-00C04F79EFBC}") = "Bot.Infrastructure.Ffmpeg", "Bot.Infrastructure.Ffmpeg\Bot.Infrastructure.Ffmpeg.csproj", "{56929DC2-0611-4A20-865C-14E24BEFF186}"
EndProject
Project("{2150E333-8FDC-42A3-9474-1A3956D46DE8}") = "Solution Items", "Solution Items", "{BA64D00E-24A1-4866-B240-EE7258DFBAF5}"
EndProject
Project("{2150E333-8FDC-42A3-9474-1A3956D46DE8}") = "Tests", "Tests", "{38DF5DE0-7A37-4191-A352-989A4B76FBB9}"
EndProject
Project("{FAE04EC0-301F-11D3-BF4B-00C04F79EFBC}") = "Bot.Unit", "Bot.Unit\Bot.Unit.csproj", "{C14AF87F-538E-4D33-9070-9DAF229BE373}"
EndProject
Project("{FAE04EC0-301F-11D3-BF4B-00C04F79EFBC}") = "Bot.Infrastructure.SoundCloud", "Bot.Infrastructure.SoundCloud\Bot.Infrastructure.SoundCloud.csproj", "{D812337F-29B1-4B75-94F3-391C8EDECE75}"
EndProject
Global
	GlobalSection(SolutionConfigurationPlatforms) = preSolution
		Debug|Any CPU = Debug|Any CPU
		Release|Any CPU = Release|Any CPU
	EndGlobalSection
	GlobalSection(ProjectConfigurationPlatforms) = postSolution
		{72268293-CC02-446D-86C6-A566040AE100}.Debug|Any CPU.ActiveCfg = Debug|Any CPU
		{72268293-CC02-446D-86C6-A566040AE100}.Debug|Any CPU.Build.0 = Debug|Any CPU
		{72268293-CC02-446D-86C6-A566040AE100}.Release|Any CPU.ActiveCfg = Release|Any CPU
		{72268293-CC02-446D-86C6-A566040AE100}.Release|Any CPU.Build.0 = Release|Any CPU
		{E1CBFD07-1CDF-47CF-8D32-EFBDE17F6088}.Debug|Any CPU.ActiveCfg = Debug|Any CPU
		{E1CBFD07-1CDF-47CF-8D32-EFBDE17F6088}.Debug|Any CPU.Build.0 = Debug|Any CPU
		{E1CBFD07-1CDF-47CF-8D32-EFBDE17F6088}.Release|Any CPU.ActiveCfg = Release|Any CPU
		{E1CBFD07-1CDF-47CF-8D32-EFBDE17F6088}.Release|Any CPU.Build.0 = Release|Any CPU
		{C96A31AC-283C-40B7-9CC7-5EC56CE6B318}.Debug|Any CPU.ActiveCfg = Debug|Any CPU
		{C96A31AC-283C-40B7-9CC7-5EC56CE6B318}.Debug|Any CPU.Build.0 = Debug|Any CPU
		{C96A31AC-283C-40B7-9CC7-5EC56CE6B318}.Release|Any CPU.ActiveCfg = Release|Any CPU
		{C96A31AC-283C-40B7-9CC7-5EC56CE6B318}.Release|Any CPU.Build.0 = Release|Any CPU
		{FCFB1BE8-6349-4791-832F-1B4815FCBF13}.Debug|Any CPU.ActiveCfg = Debug|Any CPU
		{FCFB1BE8-6349-4791-832F-1B4815FCBF13}.Debug|Any CPU.Build.0 = Debug|Any CPU
		{FCFB1BE8-6349-4791-832F-1B4815FCBF13}.Release|Any CPU.ActiveCfg = Release|Any CPU
		{FCFB1BE8-6349-4791-832F-1B4815FCBF13}.Release|Any CPU.Build.0 = Release|Any CPU
		{56929DC2-0611-4A20-865C-14E24BEFF186}.Debug|Any CPU.ActiveCfg = Debug|Any CPU
		{56929DC2-0611-4A20-865C-14E24BEFF186}.Debug|Any CPU.Build.0 = Debug|Any CPU
		{56929DC2-0611-4A20-865C-14E24BEFF186}.Release|Any CPU.ActiveCfg = Release|Any CPU
		{56929DC2-0611-4A20-865C-14E24BEFF186}.Release|Any CPU.Build.0 = Release|Any CPU
		{C14AF87F-538E-4D33-9070-9DAF229BE373}.Debug|Any CPU.ActiveCfg = Debug|Any CPU
		{C14AF87F-538E-4D33-9070-9DAF229BE373}.Debug|Any CPU.Build.0 = Debug|Any CPU
		{C14AF87F-538E-4D33-9070-9DAF229BE373}.Release|Any CPU.ActiveCfg = Release|Any CPU
		{C14AF87F-538E-4D33-9070-9DAF229BE373}.Release|Any CPU.Build.0 = Release|Any CPU
		{D812337F-29B1-4B75-94F3-391C8EDECE75}.Debug|Any CPU.ActiveCfg = Debug|Any CPU
		{D812337F-29B1-4B75-94F3-391C8EDECE75}.Debug|Any CPU.Build.0 = Debug|Any CPU
		{D812337F-29B1-4B75-94F3-391C8EDECE75}.Release|Any CPU.ActiveCfg = Release|Any CPU
		{D812337F-29B1-4B75-94F3-391C8EDECE75}.Release|Any CPU.Build.0 = Release|Any CPU
	EndGlobalSection
	GlobalSection(NestedProjects) = preSolution
		{BD0B5496-C473-4574-AE61-695168D94F94} = {B116789C-3F05-4906-A264-57D82FD18460}
		{E9A45041-F26F-4FEB-92AD-0E18AF8B5D0B} = {BD0B5496-C473-4574-AE61-695168D94F94}
		{6A997368-4AC6-4319-8F4D-2C90950C04FF} = {E9A45041-F26F-4FEB-92AD-0E18AF8B5D0B}
		{4A1C08A1-095D-4B4B-B30D-9F31208DEA09} = {E9A45041-F26F-4FEB-92AD-0E18AF8B5D0B}
		{8FE27756-11C6-4A40-88E7-E13CA57A19C2} = {E9A45041-F26F-4FEB-92AD-0E18AF8B5D0B}
		{72268293-CC02-446D-86C6-A566040AE100} = {6A997368-4AC6-4319-8F4D-2C90950C04FF}
		{E1CBFD07-1CDF-47CF-8D32-EFBDE17F6088} = {4A1C08A1-095D-4B4B-B30D-9F31208DEA09}
		{C96A31AC-283C-40B7-9CC7-5EC56CE6B318} = {8FE27756-11C6-4A40-88E7-E13CA57A19C2}
		{FCFB1BE8-6349-4791-832F-1B4815FCBF13} = {8FE27756-11C6-4A40-88E7-E13CA57A19C2}
		{56929DC2-0611-4A20-865C-14E24BEFF186} = {8FE27756-11C6-4A40-88E7-E13CA57A19C2}
		{38DF5DE0-7A37-4191-A352-989A4B76FBB9} = {E9A45041-F26F-4FEB-92AD-0E18AF8B5D0B}
		{C14AF87F-538E-4D33-9070-9DAF229BE373} = {38DF5DE0-7A37-4191-A352-989A4B76FBB9}
		{D812337F-29B1-4B75-94F3-391C8EDECE75} = {8FE27756-11C6-4A40-88E7-E13CA57A19C2}
	EndGlobalSection
EndGlobal
