
Microsoft Visual Studio Solution File, Format Version 12.00
Project("{FAE04EC0-301F-11D3-BF4B-00C04F79EFBC}") = "Discord.Valik.Api", "Discord.Valik.Api\Discord.Valik.Api.csproj", "{1DFD3712-C34C-41C4-BD22-91A4C226B777}"
EndProject
Project("{2150E333-8FDC-42A3-9474-1A3956D46DE8}") = "src", "src", "{B116789C-3F05-4906-A264-57D82FD18460}"
EndProject
Project("{2150E333-8FDC-42A3-9474-1A3956D46DE8}") = "Services", "Services", "{BD0B5496-C473-4574-AE61-695168D94F94}"
EndProject
Project("{2150E333-8FDC-42A3-9474-1A3956D46DE8}") = "Bot", "Bot", "{E9A45041-F26F-4FEB-92AD-0E18AF8B5D0B}"
EndProject
Project("{2150E333-8FDC-42A3-9474-1A3956D46DE8}") = "Domain", "Domain", "{6A997368-4AC6-4319-8F4D-2C90950C04FF}"
EndProject
Project("{2150E333-8FDC-42A3-9474-1A3956D46DE8}") = "Applciation", "Applciation", "{4A1C08A1-095D-4B4B-B30D-9F31208DEA09}"
EndProject
Project("{2150E333-8FDC-42A3-9474-1A3956D46DE8}") = "Infrastructure", "Infrastructure", "{8FE27756-11C6-4A40-88E7-E13CA57A19C2}"
EndProject
Project("{FAE04EC0-301F-11D3-BF4B-00C04F79EFBC}") = "Bot.Domain", "Bot.Domain\Bot.Domain.csproj", "{72268293-CC02-446D-86C6-A566040AE100}"
EndProject
Global
	GlobalSection(SolutionConfigurationPlatforms) = preSolution
		Debug|Any CPU = Debug|Any CPU
		Release|Any CPU = Release|Any CPU
	EndGlobalSection
	GlobalSection(ProjectConfigurationPlatforms) = postSolution
		{1DFD3712-C34C-41C4-BD22-91A4C226B777}.Debug|Any CPU.ActiveCfg = Debug|Any CPU
		{1DFD3712-C34C-41C4-BD22-91A4C226B777}.Debug|Any CPU.Build.0 = Debug|Any CPU
		{1DFD3712-C34C-41C4-BD22-91A4C226B777}.Release|Any CPU.ActiveCfg = Release|Any CPU
		{1DFD3712-C34C-41C4-BD22-91A4C226B777}.Release|Any CPU.Build.0 = Release|Any CPU
		{72268293-CC02-446D-86C6-A566040AE100}.Debug|Any CPU.ActiveCfg = Debug|Any CPU
		{72268293-CC02-446D-86C6-A566040AE100}.Debug|Any CPU.Build.0 = Debug|Any CPU
		{72268293-CC02-446D-86C6-A566040AE100}.Release|Any CPU.ActiveCfg = Release|Any CPU
		{72268293-CC02-446D-86C6-A566040AE100}.Release|Any CPU.Build.0 = Release|Any CPU
	EndGlobalSection
	GlobalSection(NestedProjects) = preSolution
		{BD0B5496-C473-4574-AE61-695168D94F94} = {B116789C-3F05-4906-A264-57D82FD18460}
		{E9A45041-F26F-4FEB-92AD-0E18AF8B5D0B} = {BD0B5496-C473-4574-AE61-695168D94F94}
		{6A997368-4AC6-4319-8F4D-2C90950C04FF} = {E9A45041-F26F-4FEB-92AD-0E18AF8B5D0B}
		{4A1C08A1-095D-4B4B-B30D-9F31208DEA09} = {E9A45041-F26F-4FEB-92AD-0E18AF8B5D0B}
		{8FE27756-11C6-4A40-88E7-E13CA57A19C2} = {E9A45041-F26F-4FEB-92AD-0E18AF8B5D0B}
		{72268293-CC02-446D-86C6-A566040AE100} = {6A997368-4AC6-4319-8F4D-2C90950C04FF}
	EndGlobalSection
EndGlobal
